<?xml version="1.0"?>
<Project ToolsVersion="4.0" xmlns="http://schemas.microsoft.com/developer/msbuild/2003">
	<ItemGroup>
		<ClCompile Include="src\ofApp.cpp">
			<Filter>src</Filter>
		</ClCompile>
		<ClCompile Include="src\main.cpp">
			<Filter>src</Filter>
		</ClCompile>
		<ClCompile Include="..\..\..\addons\ofxTimestamp\src\ofxTimestamp\Client.cpp">
			<Filter>addons\ofxTimestamp\src\ofxTimestamp</Filter>
		</ClCompile>
		<ClCompile Include="..\..\..\addons\ofxTimestamp\src\ofxTimestamp\Server.cpp">
			<Filter>addons\ofxTimestamp\src\ofxTimestamp</Filter>
		</ClCompile>
		<ClCompile Include="..\..\..\addons\ofxTimestamp\libs\clockkit\src\Clock.cpp">
			<Filter>addons\ofxTimestamp\libs\clockkit\src</Filter>
		</ClCompile>
		<ClCompile Include="..\..\..\addons\ofxTimestamp\libs\clockkit\src\ClockClient.cpp">
			<Filter>addons\ofxTimestamp\libs\clockkit\src</Filter>
		</ClCompile>
		<ClCompile Include="..\..\..\addons\ofxTimestamp\libs\clockkit\src\clockkit.cpp">
			<Filter>addons\ofxTimestamp\libs\clockkit\src</Filter>
		</ClCompile>
		<ClCompile Include="..\..\..\addons\ofxTimestamp\libs\clockkit\src\ClockPacket.cpp">
			<Filter>addons\ofxTimestamp\libs\clockkit\src</Filter>
		</ClCompile>
		<ClCompile Include="..\..\..\addons\ofxTimestamp\libs\clockkit\src\ClockServer.cpp">
			<Filter>addons\ofxTimestamp\libs\clockkit\src</Filter>
		</ClCompile>
		<ClCompile Include="..\..\..\addons\ofxTimestamp\libs\clockkit\src\ConfigReader.cpp">
			<Filter>addons\ofxTimestamp\libs\clockkit\src</Filter>
		</ClCompile>
		<ClCompile Include="..\..\..\addons\ofxTimestamp\libs\clockkit\src\Exceptions.cpp">
			<Filter>addons\ofxTimestamp\libs\clockkit\src</Filter>
		</ClCompile>
		<ClCompile Include="..\..\..\addons\ofxTimestamp\libs\clockkit\src\PerformanceCounter.cpp">
			<Filter>addons\ofxTimestamp\libs\clockkit\src</Filter>
		</ClCompile>
		<ClCompile Include="..\..\..\addons\ofxTimestamp\libs\clockkit\src\PhaseLockedClock.cpp">
			<Filter>addons\ofxTimestamp\libs\clockkit\src</Filter>
		</ClCompile>
		<ClCompile Include="..\..\..\addons\ofxTimestamp\libs\clockkit\src\SystemClock.cpp">
			<Filter>addons\ofxTimestamp\libs\clockkit\src</Filter>
		</ClCompile>
		<ClCompile Include="..\..\..\addons\ofxTimestamp\libs\clockkit\src\Timestamp.cpp">
			<Filter>addons\ofxTimestamp\libs\clockkit\src</Filter>
		</ClCompile>
		<ClCompile Include="..\..\..\addons\ofxTimestamp\libs\clockkit\src\VariableFrequencyClock.cpp">
			<Filter>addons\ofxTimestamp\libs\clockkit\src</Filter>
		</ClCompile>
	</ItemGroup>
	<ItemGroup>
		<Filter Include="src">
			<UniqueIdentifier>{d8376475-7454-4a24-b08a-aac121d3ad6f}</UniqueIdentifier>
		</Filter>
		<Filter Include="addons">
			<UniqueIdentifier>{71834F65-F3A9-211E-73B8-DC85}</UniqueIdentifier>
		</Filter>
		<Filter Include="addons\ofxTimestamp">
			<UniqueIdentifier>{7D904565-FD1B-5624-2935-E598}</UniqueIdentifier>
		</Filter>
		<Filter Include="addons\ofxTimestamp\src">
			<UniqueIdentifier>{B46440D4-79DE-A8A9-F567-3C9C}</UniqueIdentifier>
		</Filter>
		<Filter Include="addons\ofxTimestamp\src\ofxTimestamp">
			<UniqueIdentifier>{587747AF-A2E6-4ADF-E8F9-116C}</UniqueIdentifier>
		</Filter>
		<Filter Include="addons\ofxTimestamp\libs">
			<UniqueIdentifier>{28AAA655-ADCA-1209-75A6-DAE4}</UniqueIdentifier>
		</Filter>
		<Filter Include="addons\ofxTimestamp\libs\clockkit">
			<UniqueIdentifier>{B44E0D43-B66F-53D1-A10B-291A}</UniqueIdentifier>
		</Filter>
		<Filter Include="addons\ofxTimestamp\libs\clockkit\include">
			<UniqueIdentifier>{1A462549-D24F-EC87-6A0F-7C1F}</UniqueIdentifier>
		</Filter>
		<Filter Include="addons\ofxTimestamp\libs\clockkit\src">
			<UniqueIdentifier>{E1A37FAC-D068-C35C-16F4-7BEA}</UniqueIdentifier>
		</Filter>
	</ItemGroup>
	<ItemGroup>
		<ClInclude Include="src\ofApp.h">
			<Filter>src</Filter>
		</ClInclude>
		<ClInclude Include="..\..\..\addons\ofxTimestamp\src\ofxTimestamp\Client.h">
			<Filter>addons\ofxTimestamp\src\ofxTimestamp</Filter>
		</ClInclude>
		<ClInclude Include="..\..\..\addons\ofxTimestamp\src\ofxTimestamp\Common.h">
			<Filter>addons\ofxTimestamp\src\ofxTimestamp</Filter>
		</ClInclude>
		<ClInclude Include="..\..\..\addons\ofxTimestamp\src\ofxTimestamp\Server.h">
			<Filter>addons\ofxTimestamp\src\ofxTimestamp</Filter>
		</ClInclude>
		<ClInclude Include="..\..\..\addons\ofxTimestamp\src\ofxTimestamp.h">
			<Filter>addons\ofxTimestamp\src</Filter>
		</ClInclude>
		<ClInclude Include="..\..\..\addons\ofxTimestamp\libs\clockkit\include\Clock.h">
			<Filter>addons\ofxTimestamp\libs\clockkit\include</Filter>
		</ClInclude>
		<ClInclude Include="..\..\..\addons\ofxTimestamp\libs\clockkit\include\ClockClient.h">
			<Filter>addons\ofxTimestamp\libs\clockkit\include</Filter>
		</ClInclude>
		<ClInclude Include="..\..\..\addons\ofxTimestamp\libs\clockkit\include\clockkit.h">
			<Filter>addons\ofxTimestamp\libs\clockkit\include</Filter>
		</ClInclude>
		<ClInclude Include="..\..\..\addons\ofxTimestamp\libs\clockkit\include\ClockPacket.h">
			<Filter>addons\ofxTimestamp\libs\clockkit\include</Filter>
		</ClInclude>
		<ClInclude Include="..\..\..\addons\ofxTimestamp\libs\clockkit\include\ClockServer.h">
			<Filter>addons\ofxTimestamp\libs\clockkit\include</Filter>
		</ClInclude>
		<ClInclude Include="..\..\..\addons\ofxTimestamp\libs\clockkit\include\Common.h">
			<Filter>addons\ofxTimestamp\libs\clockkit\include</Filter>
		</ClInclude>
		<ClInclude Include="..\..\..\addons\ofxTimestamp\libs\clockkit\include\ConfigReader.h">
			<Filter>addons\ofxTimestamp\libs\clockkit\include</Filter>
		</ClInclude>
		<ClInclude Include="..\..\..\addons\ofxTimestamp\libs\clockkit\include\Exceptions.h">
			<Filter>addons\ofxTimestamp\libs\clockkit\include</Filter>
		</ClInclude>
		<ClInclude Include="..\..\..\addons\ofxTimestamp\libs\clockkit\include\HighResolutionClock.h">
			<Filter>addons\ofxTimestamp\libs\clockkit\include</Filter>
		</ClInclude>
		<ClInclude Include="..\..\..\addons\ofxTimestamp\libs\clockkit\include\PerformanceCounter.h">
			<Filter>addons\ofxTimestamp\libs\clockkit\include</Filter>
		</ClInclude>
		<ClInclude Include="..\..\..\addons\ofxTimestamp\libs\clockkit\include\PhaseLockedClock.h">
			<Filter>addons\ofxTimestamp\libs\clockkit\include</Filter>
		</ClInclude>
		<ClInclude Include="..\..\..\addons\ofxTimestamp\libs\clockkit\include\SystemClock.h">
			<Filter>addons\ofxTimestamp\libs\clockkit\include</Filter>
		</ClInclude>
		<ClInclude Include="..\..\..\addons\ofxTimestamp\libs\clockkit\include\Timestamp.h">
			<Filter>addons\ofxTimestamp\libs\clockkit\include</Filter>
		</ClInclude>
		<ClInclude Include="..\..\..\addons\ofxTimestamp\libs\clockkit\include\VariableFrequencyClock.h">
			<Filter>addons\ofxTimestamp\libs\clockkit\include</Filter>
		</ClInclude>
	</ItemGroup>
	<ItemGroup>
		<ResourceCompile Include="icon.rc" />
	</ItemGroup>
</Project>
